
Microsoft Visual Studio Solution File, Format Version 12.00
# Visual Studio Version 16
VisualStudioVersion = 16.0.29613.14
MinimumVisualStudioVersion = 10.0.40219.1
Project("{9A19103F-16F7-4668-BE54-9A1E7A4F7556}") = "PorphyStruct.WPF", "PorphyStruct.WPF\PorphyStruct.WPF.csproj", "{E1D5395E-F1B1-4507-A12A-20F26AE5279E}"
EndProject
Project("{9A19103F-16F7-4668-BE54-9A1E7A4F7556}") = "PorphyStruct.ViewModel", "PorphyStruct.ViewModel\PorphyStruct.ViewModel.csproj", "{EF00F37C-98D1-4E0F-B00A-6F3EF899D01A}"
EndProject
Project("{9A19103F-16F7-4668-BE54-9A1E7A4F7556}") = "PorphyStruct.Core", "PorphyStruct.Core\PorphyStruct.Core.csproj", "{25132EE8-000D-4A77-9B3C-B2B65D561259}"
EndProject
Project("{2150E333-8FDC-42A3-9474-1A3956D46DE8}") = "Solution Items", "Solution Items", "{2F30BB10-02B9-44B6-95FE-0F81C95CB758}"
	ProjectSection(SolutionItems) = preProject
		README.md = README.md
	EndProjectSection
EndProject
Project("{FAE04EC0-301F-11D3-BF4B-00C04F79EFBC}") = "PorphyStruct.CalculatorWPF", "PorphyStruct.CalculatorWPF\PorphyStruct.CalculatorWPF.csproj", "{292E71F0-7753-4F71-8739-7A282A4E21CE}"
EndProject
Global
	GlobalSection(SolutionConfigurationPlatforms) = preSolution
		Debug|Any CPU = Debug|Any CPU
		Release|Any CPU = Release|Any CPU
	EndGlobalSection
	GlobalSection(ProjectConfigurationPlatforms) = postSolution
		{E1D5395E-F1B1-4507-A12A-20F26AE5279E}.Debug|Any CPU.ActiveCfg = Debug|Any CPU
		{E1D5395E-F1B1-4507-A12A-20F26AE5279E}.Debug|Any CPU.Build.0 = Debug|Any CPU
		{E1D5395E-F1B1-4507-A12A-20F26AE5279E}.Release|Any CPU.ActiveCfg = Release|Any CPU
		{E1D5395E-F1B1-4507-A12A-20F26AE5279E}.Release|Any CPU.Build.0 = Release|Any CPU
		{EF00F37C-98D1-4E0F-B00A-6F3EF899D01A}.Debug|Any CPU.ActiveCfg = Debug|Any CPU
		{EF00F37C-98D1-4E0F-B00A-6F3EF899D01A}.Debug|Any CPU.Build.0 = Debug|Any CPU
		{EF00F37C-98D1-4E0F-B00A-6F3EF899D01A}.Release|Any CPU.ActiveCfg = Release|Any CPU
		{EF00F37C-98D1-4E0F-B00A-6F3EF899D01A}.Release|Any CPU.Build.0 = Release|Any CPU
		{25132EE8-000D-4A77-9B3C-B2B65D561259}.Debug|Any CPU.ActiveCfg = Debug|Any CPU
		{25132EE8-000D-4A77-9B3C-B2B65D561259}.Debug|Any CPU.Build.0 = Debug|Any CPU
		{25132EE8-000D-4A77-9B3C-B2B65D561259}.Release|Any CPU.ActiveCfg = Release|Any CPU
		{25132EE8-000D-4A77-9B3C-B2B65D561259}.Release|Any CPU.Build.0 = Release|Any CPU
		{292E71F0-7753-4F71-8739-7A282A4E21CE}.Debug|Any CPU.ActiveCfg = Debug|Any CPU
		{292E71F0-7753-4F71-8739-7A282A4E21CE}.Debug|Any CPU.Build.0 = Debug|Any CPU
		{292E71F0-7753-4F71-8739-7A282A4E21CE}.Release|Any CPU.ActiveCfg = Release|Any CPU
		{292E71F0-7753-4F71-8739-7A282A4E21CE}.Release|Any CPU.Build.0 = Release|Any CPU
	EndGlobalSection
	GlobalSection(SolutionProperties) = preSolution
		HideSolutionNode = FALSE
	EndGlobalSection
	GlobalSection(ExtensibilityGlobals) = postSolution
		SolutionGuid = {9312A421-83C6-4274-B91E-3AFF0A3B64BC}
	EndGlobalSection
EndGlobal
